github.com/digisan/go-generics v0.2.1 h1:rUQsgfFWWeMTpDBmZZAQSnlbybONe20MzedrN+oG5hE=
github.com/digisan/go-generics v0.2.1/go.mod h1:uYqkhOsBlydT6uPQaapc6Bk3cbnmQ8ftBm/sWbShxAI=
github.com/digisan/gotk v0.1.18 h1:IoOhbCUmobW55xAPmZapKqqQ9iIVUU1uaIjouSFf7js=
github.com/digisan/gotk v0.1.18/go.mod h1:qIohmTpVDN95xoycu2BKbqKRiP1lB5uLhztYFXNPV9E=
