github.com/digisan/go-generics v0.1.15 h1:8esdtrzlb3JzixTaIS7CunYJaaaWPaTYQJzoLtkmKGE=
github.com/digisan/go-generics v0.1.15/go.mod h1:uYqkhOsBlydT6uPQaapc6Bk3cbnmQ8ftBm/sWbShxAI=
github.com/digisan/gotk v0.1.16 h1:QAMfT35dRDJLuSACIdE+ak62mx6sMh2m7P8C+UiSJGk=
github.com/digisan/gotk v0.1.16/go.mod h1:jZoPRUt62t+kIntjTM/cRErzvP495u7RZMS1O5GOiuQ=
