github.com/digisan/go-generics v0.2.2 h1:5ec8h+H6YVCdzxra5VDm3SHdgcdtRwWgFQrfF7QsCK8=
github.com/digisan/go-generics v0.2.2/go.mod h1:HoHbkpjEgiw3YQ3QaADIfeFt/kpdODb0qerSbs0PSBA=
github.com/digisan/gotk v0.1.20 h1:ERdxpOgt+BgQQafVfLH1N+kEINRWck49fnFH9j6IRxI=
github.com/digisan/gotk v0.1.20/go.mod h1:DXDqcHRqQgELT71674pjB/nshczVM40I9OG7oKHlBwE=
golang.org/x/net v0.0.0-20220909164309-bea034e7d591 h1:D0B/7al0LLrVC8aWF4+oxpv/m8bc7ViFfVS8/gXGdqI=
golang.org/x/net v0.0.0-20220909164309-bea034e7d591/go.mod h1:YDH+HFinaLZZlnHAfSS6ZXJJ9M9t4Dl22yv3iI2vPwk=
